
Microsoft Visual Studio Solution File, Format Version 12.00
# Visual Studio Version 17
VisualStudioVersion = 17.2.32602.215
MinimumVisualStudioVersion = 10.0.40219.1
Project("{FAE04EC0-301F-11D3-BF4B-00C04F79EFBC}") = "Reservoom", "Reservoom\Reservoom.csproj", "{1E2C7944-813C-46BC-A06B-1F5A92E9B969}"
EndProject
Project("{FAE04EC0-301F-11D3-BF4B-00C04F79EFBC}") = "ReservoomClassLibrary", "ReservoomClassLibrary\ReservoomClassLibrary.csproj", "{71989216-C439-4454-B800-F07000AB07C5}"
EndProject
Global
	GlobalSection(SolutionConfigurationPlatforms) = preSolution
		Debug|Any CPU = Debug|Any CPU
		Release|Any CPU = Release|Any CPU
	EndGlobalSection
	GlobalSection(ProjectConfigurationPlatforms) = postSolution
		{1E2C7944-813C-46BC-A06B-1F5A92E9B969}.Debug|Any CPU.ActiveCfg = Debug|Any CPU
		{1E2C7944-813C-46BC-A06B-1F5A92E9B969}.Debug|Any CPU.Build.0 = Debug|Any CPU
		{1E2C7944-813C-46BC-A06B-1F5A92E9B969}.Release|Any CPU.ActiveCfg = Release|Any CPU
		{1E2C7944-813C-46BC-A06B-1F5A92E9B969}.Release|Any CPU.Build.0 = Release|Any CPU
		{71989216-C439-4454-B800-F07000AB07C5}.Debug|Any CPU.ActiveCfg = Debug|Any CPU
		{71989216-C439-4454-B800-F07000AB07C5}.Debug|Any CPU.Build.0 = Debug|Any CPU
		{71989216-C439-4454-B800-F07000AB07C5}.Release|Any CPU.ActiveCfg = Release|Any CPU
		{71989216-C439-4454-B800-F07000AB07C5}.Release|Any CPU.Build.0 = Release|Any CPU
	EndGlobalSection
	GlobalSection(SolutionProperties) = preSolution
		HideSolutionNode = FALSE
	EndGlobalSection
	GlobalSection(ExtensibilityGlobals) = postSolution
		SolutionGuid = {F82BF010-602F-4F11-86C9-1617A97A9599}
	EndGlobalSection
EndGlobal
